
Microsoft Visual Studio Solution File, Format Version 12.00
# Visual Studio Version 16
VisualStudioVersion = 16.0.31321.278
MinimumVisualStudioVersion = 10.0.40219.1
Project("{8BC9CEB8-8B4A-11D0-8D11-00A0C91BC942}") = "Calculate", "Helper.vcxproj", "{236773D3-210C-4432-96C6-AAB67A515259}"
EndProject
Project("{8BC9CEB8-8B4A-11D0-8D11-00A0C91BC942}") = "Count", "..\Count\Count.vcxproj", "{A5DF9B3C-DC2C-464A-8ABE-7A0843B77620}"
EndProject
Global
	GlobalSection(SolutionConfigurationPlatforms) = preSolution
		Debug|x64 = Debug|x64
		Debug|x86 = Debug|x86
		Release|x64 = Release|x64
		Release|x86 = Release|x86
	EndGlobalSection
	GlobalSection(ProjectConfigurationPlatforms) = postSolution
		{236773D3-210C-4432-96C6-AAB67A515259}.Debug|x64.ActiveCfg = Debug|x64
		{236773D3-210C-4432-96C6-AAB67A515259}.Debug|x64.Build.0 = Debug|x64
		{236773D3-210C-4432-96C6-AAB67A515259}.Debug|x86.ActiveCfg = Debug|Win32
		{236773D3-210C-4432-96C6-AAB67A515259}.Debug|x86.Build.0 = Debug|Win32
		{236773D3-210C-4432-96C6-AAB67A515259}.Release|x64.ActiveCfg = Release|x64
		{236773D3-210C-4432-96C6-AAB67A515259}.Release|x64.Build.0 = Release|x64
		{236773D3-210C-4432-96C6-AAB67A515259}.Release|x86.ActiveCfg = Release|Win32
		{236773D3-210C-4432-96C6-AAB67A515259}.Release|x86.Build.0 = Release|Win32
		{A5DF9B3C-DC2C-464A-8ABE-7A0843B77620}.Debug|x64.ActiveCfg = Debug|x64
		{A5DF9B3C-DC2C-464A-8ABE-7A0843B77620}.Debug|x64.Build.0 = Debug|x64
		{A5DF9B3C-DC2C-464A-8ABE-7A0843B77620}.Debug|x86.ActiveCfg = Debug|Win32
		{A5DF9B3C-DC2C-464A-8ABE-7A0843B77620}.Debug|x86.Build.0 = Debug|Win32
		{A5DF9B3C-DC2C-464A-8ABE-7A0843B77620}.Release|x64.ActiveCfg = Release|x64
		{A5DF9B3C-DC2C-464A-8ABE-7A0843B77620}.Release|x64.Build.0 = Release|x64
		{A5DF9B3C-DC2C-464A-8ABE-7A0843B77620}.Release|x86.ActiveCfg = Release|Win32
		{A5DF9B3C-DC2C-464A-8ABE-7A0843B77620}.Release|x86.Build.0 = Release|Win32
	EndGlobalSection
	GlobalSection(SolutionProperties) = preSolution
		HideSolutionNode = FALSE
	EndGlobalSection
	GlobalSection(ExtensibilityGlobals) = postSolution
		SolutionGuid = {C7CF8E61-9F87-497A-A22B-911F6E9E78BF}
	EndGlobalSection
EndGlobal
